
Microsoft Visual Studio Solution File, Format Version 12.00
# Visual Studio Version 17
VisualStudioVersion = 17.10.35027.167
MinimumVisualStudioVersion = 10.0.40219.1
Project("{9A19103F-16F7-4668-BE54-9A1E7A4F7556}") = "WPFApp", "WPFApp\WPFApp.csproj", "{9EC50C95-67BD-44DE-A589-4464D1E47C1F}"
EndProject
Project("{FAE04EC0-301F-11D3-BF4B-00C04F79EFBC}") = "BusinessTier", "BusinessTier\BusinessTier.csproj", "{6435DD09-420E-4850-90BE-FE573F8BB288}"
EndProject
Project("{FAE04EC0-301F-11D3-BF4B-00C04F79EFBC}") = "DataTier", "DataTier\DataTier.csproj", "{2995A54B-DF5B-48AF-9F66-DA68778F7808}"
EndProject
Project("{FAE04EC0-301F-11D3-BF4B-00C04F79EFBC}") = "Client", "WPFClient\Client.csproj", "{CCF10BB9-95B8-4078-A53C-85D60A58ACD8}"
EndProject
Global
	GlobalSection(SolutionConfigurationPlatforms) = preSolution
		Debug|Any CPU = Debug|Any CPU
		Release|Any CPU = Release|Any CPU
	EndGlobalSection
	GlobalSection(ProjectConfigurationPlatforms) = postSolution
		{9EC50C95-67BD-44DE-A589-4464D1E47C1F}.Debug|Any CPU.ActiveCfg = Debug|Any CPU
		{9EC50C95-67BD-44DE-A589-4464D1E47C1F}.Debug|Any CPU.Build.0 = Debug|Any CPU
		{9EC50C95-67BD-44DE-A589-4464D1E47C1F}.Release|Any CPU.ActiveCfg = Release|Any CPU
		{9EC50C95-67BD-44DE-A589-4464D1E47C1F}.Release|Any CPU.Build.0 = Release|Any CPU
		{6435DD09-420E-4850-90BE-FE573F8BB288}.Debug|Any CPU.ActiveCfg = Debug|Any CPU
		{6435DD09-420E-4850-90BE-FE573F8BB288}.Debug|Any CPU.Build.0 = Debug|Any CPU
		{6435DD09-420E-4850-90BE-FE573F8BB288}.Release|Any CPU.ActiveCfg = Release|Any CPU
		{6435DD09-420E-4850-90BE-FE573F8BB288}.Release|Any CPU.Build.0 = Release|Any CPU
		{2995A54B-DF5B-48AF-9F66-DA68778F7808}.Debug|Any CPU.ActiveCfg = Debug|Any CPU
		{2995A54B-DF5B-48AF-9F66-DA68778F7808}.Debug|Any CPU.Build.0 = Debug|Any CPU
		{2995A54B-DF5B-48AF-9F66-DA68778F7808}.Release|Any CPU.ActiveCfg = Release|Any CPU
		{2995A54B-DF5B-48AF-9F66-DA68778F7808}.Release|Any CPU.Build.0 = Release|Any CPU
		{CCF10BB9-95B8-4078-A53C-85D60A58ACD8}.Debug|Any CPU.ActiveCfg = Debug|Any CPU
		{CCF10BB9-95B8-4078-A53C-85D60A58ACD8}.Debug|Any CPU.Build.0 = Debug|Any CPU
		{CCF10BB9-95B8-4078-A53C-85D60A58ACD8}.Release|Any CPU.ActiveCfg = Release|Any CPU
		{CCF10BB9-95B8-4078-A53C-85D60A58ACD8}.Release|Any CPU.Build.0 = Release|Any CPU
	EndGlobalSection
	GlobalSection(SolutionProperties) = preSolution
		HideSolutionNode = FALSE
	EndGlobalSection
	GlobalSection(ExtensibilityGlobals) = postSolution
		SolutionGuid = {2271A22A-92D5-40B2-AE94-8851AC25D2C5}
	EndGlobalSection
EndGlobal
